
Microsoft Visual Studio Solution File, Format Version 12.00
# Visual Studio Version 17
VisualStudioVersion = 17.0.32112.339
MinimumVisualStudioVersion = 10.0.40219.1
Project("{FAE04EC0-301F-11D3-BF4B-00C04F79EFBC}") = "SfsMvcDemo", "SfsMvcDemo\SfsMvcDemo.csproj", "{8581843F-D93F-4742-8C6B-294F882495D3}"
EndProject
Project("{FAE04EC0-301F-11D3-BF4B-00C04F79EFBC}") = "SfsMvcDemo.Entity", "SfsMvcDemo.Entity\SfsMvcDemo.Entity.csproj", "{D209421A-C083-4293-A5B8-8FBA02084234}"
EndProject
Project("{FAE04EC0-301F-11D3-BF4B-00C04F79EFBC}") = "SfsMvcDemo.DataAcces", "SfsMvcDemo.DataAcces\SfsMvcDemo.DataAcces.csproj", "{EE810C99-277A-4508-A13C-50146B1FFDAC}"
EndProject
Project("{FAE04EC0-301F-11D3-BF4B-00C04F79EFBC}") = "SfsMvcDemo.Business", "SfsMvcDemo.Business\SfsMvcDemo.Business.csproj", "{44A0E543-1A95-44A1-AB2A-035F3C9440ED}"
EndProject
Project("{FAE04EC0-301F-11D3-BF4B-00C04F79EFBC}") = "SfsMvcDemo.FromApp", "SfsMvcDemo.FromApp\SfsMvcDemo.FromApp.csproj", "{63A5BAA7-B60F-423E-A398-2871DC478D18}"
EndProject
Global
	GlobalSection(SolutionConfigurationPlatforms) = preSolution
		Debug|Any CPU = Debug|Any CPU
		Release|Any CPU = Release|Any CPU
	EndGlobalSection
	GlobalSection(ProjectConfigurationPlatforms) = postSolution
		{8581843F-D93F-4742-8C6B-294F882495D3}.Debug|Any CPU.ActiveCfg = Debug|Any CPU
		{8581843F-D93F-4742-8C6B-294F882495D3}.Debug|Any CPU.Build.0 = Debug|Any CPU
		{8581843F-D93F-4742-8C6B-294F882495D3}.Release|Any CPU.ActiveCfg = Release|Any CPU
		{8581843F-D93F-4742-8C6B-294F882495D3}.Release|Any CPU.Build.0 = Release|Any CPU
		{D209421A-C083-4293-A5B8-8FBA02084234}.Debug|Any CPU.ActiveCfg = Debug|Any CPU
		{D209421A-C083-4293-A5B8-8FBA02084234}.Debug|Any CPU.Build.0 = Debug|Any CPU
		{D209421A-C083-4293-A5B8-8FBA02084234}.Release|Any CPU.ActiveCfg = Release|Any CPU
		{D209421A-C083-4293-A5B8-8FBA02084234}.Release|Any CPU.Build.0 = Release|Any CPU
		{EE810C99-277A-4508-A13C-50146B1FFDAC}.Debug|Any CPU.ActiveCfg = Debug|Any CPU
		{EE810C99-277A-4508-A13C-50146B1FFDAC}.Debug|Any CPU.Build.0 = Debug|Any CPU
		{EE810C99-277A-4508-A13C-50146B1FFDAC}.Release|Any CPU.ActiveCfg = Release|Any CPU
		{EE810C99-277A-4508-A13C-50146B1FFDAC}.Release|Any CPU.Build.0 = Release|Any CPU
		{44A0E543-1A95-44A1-AB2A-035F3C9440ED}.Debug|Any CPU.ActiveCfg = Debug|Any CPU
		{44A0E543-1A95-44A1-AB2A-035F3C9440ED}.Debug|Any CPU.Build.0 = Debug|Any CPU
		{44A0E543-1A95-44A1-AB2A-035F3C9440ED}.Release|Any CPU.ActiveCfg = Release|Any CPU
		{44A0E543-1A95-44A1-AB2A-035F3C9440ED}.Release|Any CPU.Build.0 = Release|Any CPU
		{63A5BAA7-B60F-423E-A398-2871DC478D18}.Debug|Any CPU.ActiveCfg = Debug|Any CPU
		{63A5BAA7-B60F-423E-A398-2871DC478D18}.Debug|Any CPU.Build.0 = Debug|Any CPU
		{63A5BAA7-B60F-423E-A398-2871DC478D18}.Release|Any CPU.ActiveCfg = Release|Any CPU
		{63A5BAA7-B60F-423E-A398-2871DC478D18}.Release|Any CPU.Build.0 = Release|Any CPU
	EndGlobalSection
	GlobalSection(SolutionProperties) = preSolution
		HideSolutionNode = FALSE
	EndGlobalSection
	GlobalSection(ExtensibilityGlobals) = postSolution
		SolutionGuid = {3B62989E-B104-4D8D-B8ED-4C167E96B83E}
	EndGlobalSection
EndGlobal
